
Microsoft Visual Studio Solution File, Format Version 12.00
# Visual Studio Version 17
VisualStudioVersion = 17.0.31903.59
MinimumVisualStudioVersion = 10.0.40219.1
Project("{2150E333-8FDC-42A3-9474-1A3956D46DE8}") = "src", "src", "{827E0CD3-B72D-47B6-A68D-7590B98EB39B}"
EndProject
Project("{F2A71F9B-5D33-465A-A702-920D77279786}") = "Nas.Agents", "src\Nas.Agents\Nas.Agents.fsproj", "{88520FAE-4257-4FD7-A4E1-5E42F962112D}"
EndProject
Project("{F2A71F9B-5D33-465A-A702-920D77279786}") = "Nas.Audit", "src\Nas.Audit\Nas.Audit.fsproj", "{5FAE07E6-AD80-4906-B016-1F5A0EB96CAE}"
EndProject
Project("{F2A71F9B-5D33-465A-A702-920D77279786}") = "Nas.Cli", "src\Nas.Cli\Nas.Cli.fsproj", "{8157A35D-6453-4E80-BFA3-3D42F7403EE5}"
EndProject
Project("{F2A71F9B-5D33-465A-A702-920D77279786}") = "Nas.Core", "src\Nas.Core\Nas.Core.fsproj", "{64D44FEC-8F98-4789-A93F-A1568F01FC8E}"
EndProject
Project("{F2A71F9B-5D33-465A-A702-920D77279786}") = "Nas.Dbus", "src\Nas.Dbus\Nas.Dbus.fsproj", "{512D8C75-398A-4B3C-8A36-AB33FAD7FA34}"
EndProject
Project("{F2A71F9B-5D33-465A-A702-920D77279786}") = "Nas.Docker", "src\Nas.Docker\Nas.Docker.fsproj", "{ECEB7505-CFB7-4860-9E09-727BA83BB82B}"
EndProject
Project("{F2A71F9B-5D33-465A-A702-920D77279786}") = "Nas.HostExec", "src\Nas.HostExec\Nas.HostExec.fsproj", "{01F55674-A090-4388-8EC2-D7058466A7C0}"
EndProject
Project("{F2A71F9B-5D33-465A-A702-920D77279786}") = "Nas.Network", "src\Nas.Network\Nas.Network.fsproj", "{75FA6136-4522-4160-BA49-D8B35C116274}"
EndProject
Project("{F2A71F9B-5D33-465A-A702-920D77279786}") = "Nas.Stages", "src\Nas.Stages\Nas.Stages.fsproj", "{3E9E8FE1-932B-4938-90CD-C1FC8F8C35A5}"
EndProject
Project("{F2A71F9B-5D33-465A-A702-920D77279786}") = "Nas.Ui", "src\Nas.Ui\Nas.Ui.fsproj", "{E16EFC84-4315-4CA8-BBCB-7AC5F00C3AF1}"
EndProject
Project("{2150E333-8FDC-42A3-9474-1A3956D46DE8}") = "tests", "tests", "{0AB3BF05-4346-4AA6-1389-037BE0695223}"
EndProject
Project("{F2A71F9B-5D33-465A-A702-920D77279786}") = "Nas.Agents.Tests", "tests\Nas.Agents.Tests\Nas.Agents.Tests.fsproj", "{FFFEE549-8117-49BA-A3EB-CA804F26FBD6}"
EndProject
Project("{F2A71F9B-5D33-465A-A702-920D77279786}") = "Nas.Audit.Tests", "tests\Nas.Audit.Tests\Nas.Audit.Tests.fsproj", "{76887E1A-00C8-4093-82A5-D7A85DDD3DE9}"
EndProject
Project("{F2A71F9B-5D33-465A-A702-920D77279786}") = "Nas.Cli.Tests", "tests\Nas.Cli.Tests\Nas.Cli.Tests.fsproj", "{94B27988-488E-4D5E-9883-DB831F360CAF}"
EndProject
Project("{F2A71F9B-5D33-465A-A702-920D77279786}") = "Nas.Core.Tests", "tests\Nas.Core.Tests\Nas.Core.Tests.fsproj", "{D1A3FBB1-27AB-40B4-8240-F968E7885752}"
EndProject
Project("{F2A71F9B-5D33-465A-A702-920D77279786}") = "Nas.Docker.Tests", "tests\Nas.Docker.Tests\Nas.Docker.Tests.fsproj", "{13656A4F-B987-4E96-80B3-9CECCCB33B1F}"
EndProject
Project("{F2A71F9B-5D33-465A-A702-920D77279786}") = "Nas.HostExec.Tests", "tests\Nas.HostExec.Tests\Nas.HostExec.Tests.fsproj", "{A52CDA6C-5D6C-4921-87C2-60BFB1C7E853}"
EndProject
Project("{F2A71F9B-5D33-465A-A702-920D77279786}") = "Nas.Integration.Tests", "tests\Nas.Integration.Tests\Nas.Integration.Tests.fsproj", "{5691BBC9-F754-4EB7-9D59-4DCF692656FE}"
EndProject
Project("{F2A71F9B-5D33-465A-A702-920D77279786}") = "Nas.Network.Tests", "tests\Nas.Network.Tests\Nas.Network.Tests.fsproj", "{A54477BD-0C23-45BC-8D6A-2632B033308E}"
EndProject
Project("{F2A71F9B-5D33-465A-A702-920D77279786}") = "Nas.Stages.Tests", "tests\Nas.Stages.Tests\Nas.Stages.Tests.fsproj", "{92A095C0-4615-41B1-85ED-C88BD6B52907}"
EndProject
Project("{F2A71F9B-5D33-465A-A702-920D77279786}") = "Nas.Ui.Tests", "tests\Nas.Ui.Tests\Nas.Ui.Tests.fsproj", "{34F9043C-D6FF-489D-AC0D-F343EC0F28C7}"
EndProject
Project("{FAE04EC0-301F-11D3-BF4B-00C04F79EFBC}") = "Nas.Ui.Client", "src\Nas.Ui.Client\Nas.Ui.Client.csproj", "{94E6CDEE-B394-4325-B871-2E47D4F8357E}"
EndProject
Global
	GlobalSection(SolutionConfigurationPlatforms) = preSolution
		Debug|Any CPU = Debug|Any CPU
		Debug|x64 = Debug|x64
		Debug|x86 = Debug|x86
		Release|Any CPU = Release|Any CPU
		Release|x64 = Release|x64
		Release|x86 = Release|x86
	EndGlobalSection
	GlobalSection(ProjectConfigurationPlatforms) = postSolution
		{88520FAE-4257-4FD7-A4E1-5E42F962112D}.Debug|Any CPU.ActiveCfg = Debug|Any CPU
		{88520FAE-4257-4FD7-A4E1-5E42F962112D}.Debug|Any CPU.Build.0 = Debug|Any CPU
		{88520FAE-4257-4FD7-A4E1-5E42F962112D}.Debug|x64.ActiveCfg = Debug|Any CPU
		{88520FAE-4257-4FD7-A4E1-5E42F962112D}.Debug|x64.Build.0 = Debug|Any CPU
		{88520FAE-4257-4FD7-A4E1-5E42F962112D}.Debug|x86.ActiveCfg = Debug|Any CPU
		{88520FAE-4257-4FD7-A4E1-5E42F962112D}.Debug|x86.Build.0 = Debug|Any CPU
		{88520FAE-4257-4FD7-A4E1-5E42F962112D}.Release|Any CPU.ActiveCfg = Release|Any CPU
		{88520FAE-4257-4FD7-A4E1-5E42F962112D}.Release|Any CPU.Build.0 = Release|Any CPU
		{88520FAE-4257-4FD7-A4E1-5E42F962112D}.Release|x64.ActiveCfg = Release|Any CPU
		{88520FAE-4257-4FD7-A4E1-5E42F962112D}.Release|x64.Build.0 = Release|Any CPU
		{88520FAE-4257-4FD7-A4E1-5E42F962112D}.Release|x86.ActiveCfg = Release|Any CPU
		{88520FAE-4257-4FD7-A4E1-5E42F962112D}.Release|x86.Build.0 = Release|Any CPU
		{5FAE07E6-AD80-4906-B016-1F5A0EB96CAE}.Debug|Any CPU.ActiveCfg = Debug|Any CPU
		{5FAE07E6-AD80-4906-B016-1F5A0EB96CAE}.Debug|Any CPU.Build.0 = Debug|Any CPU
		{5FAE07E6-AD80-4906-B016-1F5A0EB96CAE}.Debug|x64.ActiveCfg = Debug|Any CPU
		{5FAE07E6-AD80-4906-B016-1F5A0EB96CAE}.Debug|x64.Build.0 = Debug|Any CPU
		{5FAE07E6-AD80-4906-B016-1F5A0EB96CAE}.Debug|x86.ActiveCfg = Debug|Any CPU
		{5FAE07E6-AD80-4906-B016-1F5A0EB96CAE}.Debug|x86.Build.0 = Debug|Any CPU
		{5FAE07E6-AD80-4906-B016-1F5A0EB96CAE}.Release|Any CPU.ActiveCfg = Release|Any CPU
		{5FAE07E6-AD80-4906-B016-1F5A0EB96CAE}.Release|Any CPU.Build.0 = Release|Any CPU
		{5FAE07E6-AD80-4906-B016-1F5A0EB96CAE}.Release|x64.ActiveCfg = Release|Any CPU
		{5FAE07E6-AD80-4906-B016-1F5A0EB96CAE}.Release|x64.Build.0 = Release|Any CPU
		{5FAE07E6-AD80-4906-B016-1F5A0EB96CAE}.Release|x86.ActiveCfg = Release|Any CPU
		{5FAE07E6-AD80-4906-B016-1F5A0EB96CAE}.Release|x86.Build.0 = Release|Any CPU
		{8157A35D-6453-4E80-BFA3-3D42F7403EE5}.Debug|Any CPU.ActiveCfg = Debug|Any CPU
		{8157A35D-6453-4E80-BFA3-3D42F7403EE5}.Debug|Any CPU.Build.0 = Debug|Any CPU
		{8157A35D-6453-4E80-BFA3-3D42F7403EE5}.Debug|x64.ActiveCfg = Debug|Any CPU
		{8157A35D-6453-4E80-BFA3-3D42F7403EE5}.Debug|x64.Build.0 = Debug|Any CPU
		{8157A35D-6453-4E80-BFA3-3D42F7403EE5}.Debug|x86.ActiveCfg = Debug|Any CPU
		{8157A35D-6453-4E80-BFA3-3D42F7403EE5}.Debug|x86.Build.0 = Debug|Any CPU
		{8157A35D-6453-4E80-BFA3-3D42F7403EE5}.Release|Any CPU.ActiveCfg = Release|Any CPU
		{8157A35D-6453-4E80-BFA3-3D42F7403EE5}.Release|Any CPU.Build.0 = Release|Any CPU
		{8157A35D-6453-4E80-BFA3-3D42F7403EE5}.Release|x64.ActiveCfg = Release|Any CPU
		{8157A35D-6453-4E80-BFA3-3D42F7403EE5}.Release|x64.Build.0 = Release|Any CPU
		{8157A35D-6453-4E80-BFA3-3D42F7403EE5}.Release|x86.ActiveCfg = Release|Any CPU
		{8157A35D-6453-4E80-BFA3-3D42F7403EE5}.Release|x86.Build.0 = Release|Any CPU
		{64D44FEC-8F98-4789-A93F-A1568F01FC8E}.Debug|Any CPU.ActiveCfg = Debug|Any CPU
		{64D44FEC-8F98-4789-A93F-A1568F01FC8E}.Debug|Any CPU.Build.0 = Debug|Any CPU
		{64D44FEC-8F98-4789-A93F-A1568F01FC8E}.Debug|x64.ActiveCfg = Debug|Any CPU
		{64D44FEC-8F98-4789-A93F-A1568F01FC8E}.Debug|x64.Build.0 = Debug|Any CPU
		{64D44FEC-8F98-4789-A93F-A1568F01FC8E}.Debug|x86.ActiveCfg = Debug|Any CPU
		{64D44FEC-8F98-4789-A93F-A1568F01FC8E}.Debug|x86.Build.0 = Debug|Any CPU
		{64D44FEC-8F98-4789-A93F-A1568F01FC8E}.Release|Any CPU.ActiveCfg = Release|Any CPU
		{64D44FEC-8F98-4789-A93F-A1568F01FC8E}.Release|Any CPU.Build.0 = Release|Any CPU
		{64D44FEC-8F98-4789-A93F-A1568F01FC8E}.Release|x64.ActiveCfg = Release|Any CPU
		{64D44FEC-8F98-4789-A93F-A1568F01FC8E}.Release|x64.Build.0 = Release|Any CPU
		{64D44FEC-8F98-4789-A93F-A1568F01FC8E}.Release|x86.ActiveCfg = Release|Any CPU
		{64D44FEC-8F98-4789-A93F-A1568F01FC8E}.Release|x86.Build.0 = Release|Any CPU
		{512D8C75-398A-4B3C-8A36-AB33FAD7FA34}.Debug|Any CPU.ActiveCfg = Debug|Any CPU
		{512D8C75-398A-4B3C-8A36-AB33FAD7FA34}.Debug|Any CPU.Build.0 = Debug|Any CPU
		{512D8C75-398A-4B3C-8A36-AB33FAD7FA34}.Debug|x64.ActiveCfg = Debug|Any CPU
		{512D8C75-398A-4B3C-8A36-AB33FAD7FA34}.Debug|x64.Build.0 = Debug|Any CPU
		{512D8C75-398A-4B3C-8A36-AB33FAD7FA34}.Debug|x86.ActiveCfg = Debug|Any CPU
		{512D8C75-398A-4B3C-8A36-AB33FAD7FA34}.Debug|x86.Build.0 = Debug|Any CPU
		{512D8C75-398A-4B3C-8A36-AB33FAD7FA34}.Release|Any CPU.ActiveCfg = Release|Any CPU
		{512D8C75-398A-4B3C-8A36-AB33FAD7FA34}.Release|Any CPU.Build.0 = Release|Any CPU
		{512D8C75-398A-4B3C-8A36-AB33FAD7FA34}.Release|x64.ActiveCfg = Release|Any CPU
		{512D8C75-398A-4B3C-8A36-AB33FAD7FA34}.Release|x64.Build.0 = Release|Any CPU
		{512D8C75-398A-4B3C-8A36-AB33FAD7FA34}.Release|x86.ActiveCfg = Release|Any CPU
		{512D8C75-398A-4B3C-8A36-AB33FAD7FA34}.Release|x86.Build.0 = Release|Any CPU
		{ECEB7505-CFB7-4860-9E09-727BA83BB82B}.Debug|Any CPU.ActiveCfg = Debug|Any CPU
		{ECEB7505-CFB7-4860-9E09-727BA83BB82B}.Debug|Any CPU.Build.0 = Debug|Any CPU
		{ECEB7505-CFB7-4860-9E09-727BA83BB82B}.Debug|x64.ActiveCfg = Debug|Any CPU
		{ECEB7505-CFB7-4860-9E09-727BA83BB82B}.Debug|x64.Build.0 = Debug|Any CPU
		{ECEB7505-CFB7-4860-9E09-727BA83BB82B}.Debug|x86.ActiveCfg = Debug|Any CPU
		{ECEB7505-CFB7-4860-9E09-727BA83BB82B}.Debug|x86.Build.0 = Debug|Any CPU
		{ECEB7505-CFB7-4860-9E09-727BA83BB82B}.Release|Any CPU.ActiveCfg = Release|Any CPU
		{ECEB7505-CFB7-4860-9E09-727BA83BB82B}.Release|Any CPU.Build.0 = Release|Any CPU
		{ECEB7505-CFB7-4860-9E09-727BA83BB82B}.Release|x64.ActiveCfg = Release|Any CPU
		{ECEB7505-CFB7-4860-9E09-727BA83BB82B}.Release|x64.Build.0 = Release|Any CPU
		{ECEB7505-CFB7-4860-9E09-727BA83BB82B}.Release|x86.ActiveCfg = Release|Any CPU
		{ECEB7505-CFB7-4860-9E09-727BA83BB82B}.Release|x86.Build.0 = Release|Any CPU
		{01F55674-A090-4388-8EC2-D7058466A7C0}.Debug|Any CPU.ActiveCfg = Debug|Any CPU
		{01F55674-A090-4388-8EC2-D7058466A7C0}.Debug|Any CPU.Build.0 = Debug|Any CPU
		{01F55674-A090-4388-8EC2-D7058466A7C0}.Debug|x64.ActiveCfg = Debug|Any CPU
		{01F55674-A090-4388-8EC2-D7058466A7C0}.Debug|x64.Build.0 = Debug|Any CPU
		{01F55674-A090-4388-8EC2-D7058466A7C0}.Debug|x86.ActiveCfg = Debug|Any CPU
		{01F55674-A090-4388-8EC2-D7058466A7C0}.Debug|x86.Build.0 = Debug|Any CPU
		{01F55674-A090-4388-8EC2-D7058466A7C0}.Release|Any CPU.ActiveCfg = Release|Any CPU
		{01F55674-A090-4388-8EC2-D7058466A7C0}.Release|Any CPU.Build.0 = Release|Any CPU
		{01F55674-A090-4388-8EC2-D7058466A7C0}.Release|x64.ActiveCfg = Release|Any CPU
		{01F55674-A090-4388-8EC2-D7058466A7C0}.Release|x64.Build.0 = Release|Any CPU
		{01F55674-A090-4388-8EC2-D7058466A7C0}.Release|x86.ActiveCfg = Release|Any CPU
		{01F55674-A090-4388-8EC2-D7058466A7C0}.Release|x86.Build.0 = Release|Any CPU
		{75FA6136-4522-4160-BA49-D8B35C116274}.Debug|Any CPU.ActiveCfg = Debug|Any CPU
		{75FA6136-4522-4160-BA49-D8B35C116274}.Debug|Any CPU.Build.0 = Debug|Any CPU
		{75FA6136-4522-4160-BA49-D8B35C116274}.Debug|x64.ActiveCfg = Debug|Any CPU
		{75FA6136-4522-4160-BA49-D8B35C116274}.Debug|x64.Build.0 = Debug|Any CPU
		{75FA6136-4522-4160-BA49-D8B35C116274}.Debug|x86.ActiveCfg = Debug|Any CPU
		{75FA6136-4522-4160-BA49-D8B35C116274}.Debug|x86.Build.0 = Debug|Any CPU
		{75FA6136-4522-4160-BA49-D8B35C116274}.Release|Any CPU.ActiveCfg = Release|Any CPU
		{75FA6136-4522-4160-BA49-D8B35C116274}.Release|Any CPU.Build.0 = Release|Any CPU
		{75FA6136-4522-4160-BA49-D8B35C116274}.Release|x64.ActiveCfg = Release|Any CPU
		{75FA6136-4522-4160-BA49-D8B35C116274}.Release|x64.Build.0 = Release|Any CPU
		{75FA6136-4522-4160-BA49-D8B35C116274}.Release|x86.ActiveCfg = Release|Any CPU
		{75FA6136-4522-4160-BA49-D8B35C116274}.Release|x86.Build.0 = Release|Any CPU
		{3E9E8FE1-932B-4938-90CD-C1FC8F8C35A5}.Debug|Any CPU.ActiveCfg = Debug|Any CPU
		{3E9E8FE1-932B-4938-90CD-C1FC8F8C35A5}.Debug|Any CPU.Build.0 = Debug|Any CPU
		{3E9E8FE1-932B-4938-90CD-C1FC8F8C35A5}.Debug|x64.ActiveCfg = Debug|Any CPU
		{3E9E8FE1-932B-4938-90CD-C1FC8F8C35A5}.Debug|x64.Build.0 = Debug|Any CPU
		{3E9E8FE1-932B-4938-90CD-C1FC8F8C35A5}.Debug|x86.ActiveCfg = Debug|Any CPU
		{3E9E8FE1-932B-4938-90CD-C1FC8F8C35A5}.Debug|x86.Build.0 = Debug|Any CPU
		{3E9E8FE1-932B-4938-90CD-C1FC8F8C35A5}.Release|Any CPU.ActiveCfg = Release|Any CPU
		{3E9E8FE1-932B-4938-90CD-C1FC8F8C35A5}.Release|Any CPU.Build.0 = Release|Any CPU
		{3E9E8FE1-932B-4938-90CD-C1FC8F8C35A5}.Release|x64.ActiveCfg = Release|Any CPU
		{3E9E8FE1-932B-4938-90CD-C1FC8F8C35A5}.Release|x64.Build.0 = Release|Any CPU
		{3E9E8FE1-932B-4938-90CD-C1FC8F8C35A5}.Release|x86.ActiveCfg = Release|Any CPU
		{3E9E8FE1-932B-4938-90CD-C1FC8F8C35A5}.Release|x86.Build.0 = Release|Any CPU
		{E16EFC84-4315-4CA8-BBCB-7AC5F00C3AF1}.Debug|Any CPU.ActiveCfg = Debug|Any CPU
		{E16EFC84-4315-4CA8-BBCB-7AC5F00C3AF1}.Debug|Any CPU.Build.0 = Debug|Any CPU
		{E16EFC84-4315-4CA8-BBCB-7AC5F00C3AF1}.Debug|x64.ActiveCfg = Debug|Any CPU
		{E16EFC84-4315-4CA8-BBCB-7AC5F00C3AF1}.Debug|x64.Build.0 = Debug|Any CPU
		{E16EFC84-4315-4CA8-BBCB-7AC5F00C3AF1}.Debug|x86.ActiveCfg = Debug|Any CPU
		{E16EFC84-4315-4CA8-BBCB-7AC5F00C3AF1}.Debug|x86.Build.0 = Debug|Any CPU
		{E16EFC84-4315-4CA8-BBCB-7AC5F00C3AF1}.Release|Any CPU.ActiveCfg = Release|Any CPU
		{E16EFC84-4315-4CA8-BBCB-7AC5F00C3AF1}.Release|Any CPU.Build.0 = Release|Any CPU
		{E16EFC84-4315-4CA8-BBCB-7AC5F00C3AF1}.Release|x64.ActiveCfg = Release|Any CPU
		{E16EFC84-4315-4CA8-BBCB-7AC5F00C3AF1}.Release|x64.Build.0 = Release|Any CPU
		{E16EFC84-4315-4CA8-BBCB-7AC5F00C3AF1}.Release|x86.ActiveCfg = Release|Any CPU
		{E16EFC84-4315-4CA8-BBCB-7AC5F00C3AF1}.Release|x86.Build.0 = Release|Any CPU
		{FFFEE549-8117-49BA-A3EB-CA804F26FBD6}.Debug|Any CPU.ActiveCfg = Debug|Any CPU
		{FFFEE549-8117-49BA-A3EB-CA804F26FBD6}.Debug|Any CPU.Build.0 = Debug|Any CPU
		{FFFEE549-8117-49BA-A3EB-CA804F26FBD6}.Debug|x64.ActiveCfg = Debug|Any CPU
		{FFFEE549-8117-49BA-A3EB-CA804F26FBD6}.Debug|x64.Build.0 = Debug|Any CPU
		{FFFEE549-8117-49BA-A3EB-CA804F26FBD6}.Debug|x86.ActiveCfg = Debug|Any CPU
		{FFFEE549-8117-49BA-A3EB-CA804F26FBD6}.Debug|x86.Build.0 = Debug|Any CPU
		{FFFEE549-8117-49BA-A3EB-CA804F26FBD6}.Release|Any CPU.ActiveCfg = Release|Any CPU
		{FFFEE549-8117-49BA-A3EB-CA804F26FBD6}.Release|Any CPU.Build.0 = Release|Any CPU
		{FFFEE549-8117-49BA-A3EB-CA804F26FBD6}.Release|x64.ActiveCfg = Release|Any CPU
		{FFFEE549-8117-49BA-A3EB-CA804F26FBD6}.Release|x64.Build.0 = Release|Any CPU
		{FFFEE549-8117-49BA-A3EB-CA804F26FBD6}.Release|x86.ActiveCfg = Release|Any CPU
		{FFFEE549-8117-49BA-A3EB-CA804F26FBD6}.Release|x86.Build.0 = Release|Any CPU
		{76887E1A-00C8-4093-82A5-D7A85DDD3DE9}.Debug|Any CPU.ActiveCfg = Debug|Any CPU
		{76887E1A-00C8-4093-82A5-D7A85DDD3DE9}.Debug|Any CPU.Build.0 = Debug|Any CPU
		{76887E1A-00C8-4093-82A5-D7A85DDD3DE9}.Debug|x64.ActiveCfg = Debug|Any CPU
		{76887E1A-00C8-4093-82A5-D7A85DDD3DE9}.Debug|x64.Build.0 = Debug|Any CPU
		{76887E1A-00C8-4093-82A5-D7A85DDD3DE9}.Debug|x86.ActiveCfg = Debug|Any CPU
		{76887E1A-00C8-4093-82A5-D7A85DDD3DE9}.Debug|x86.Build.0 = Debug|Any CPU
		{76887E1A-00C8-4093-82A5-D7A85DDD3DE9}.Release|Any CPU.ActiveCfg = Release|Any CPU
		{76887E1A-00C8-4093-82A5-D7A85DDD3DE9}.Release|Any CPU.Build.0 = Release|Any CPU
		{76887E1A-00C8-4093-82A5-D7A85DDD3DE9}.Release|x64.ActiveCfg = Release|Any CPU
		{76887E1A-00C8-4093-82A5-D7A85DDD3DE9}.Release|x64.Build.0 = Release|Any CPU
		{76887E1A-00C8-4093-82A5-D7A85DDD3DE9}.Release|x86.ActiveCfg = Release|Any CPU
		{76887E1A-00C8-4093-82A5-D7A85DDD3DE9}.Release|x86.Build.0 = Release|Any CPU
		{94B27988-488E-4D5E-9883-DB831F360CAF}.Debug|Any CPU.ActiveCfg = Debug|Any CPU
		{94B27988-488E-4D5E-9883-DB831F360CAF}.Debug|Any CPU.Build.0 = Debug|Any CPU
		{94B27988-488E-4D5E-9883-DB831F360CAF}.Debug|x64.ActiveCfg = Debug|Any CPU
		{94B27988-488E-4D5E-9883-DB831F360CAF}.Debug|x64.Build.0 = Debug|Any CPU
		{94B27988-488E-4D5E-9883-DB831F360CAF}.Debug|x86.ActiveCfg = Debug|Any CPU
		{94B27988-488E-4D5E-9883-DB831F360CAF}.Debug|x86.Build.0 = Debug|Any CPU
		{94B27988-488E-4D5E-9883-DB831F360CAF}.Release|Any CPU.ActiveCfg = Release|Any CPU
		{94B27988-488E-4D5E-9883-DB831F360CAF}.Release|Any CPU.Build.0 = Release|Any CPU
		{94B27988-488E-4D5E-9883-DB831F360CAF}.Release|x64.ActiveCfg = Release|Any CPU
		{94B27988-488E-4D5E-9883-DB831F360CAF}.Release|x64.Build.0 = Release|Any CPU
		{94B27988-488E-4D5E-9883-DB831F360CAF}.Release|x86.ActiveCfg = Release|Any CPU
		{94B27988-488E-4D5E-9883-DB831F360CAF}.Release|x86.Build.0 = Release|Any CPU
		{D1A3FBB1-27AB-40B4-8240-F968E7885752}.Debug|Any CPU.ActiveCfg = Debug|Any CPU
		{D1A3FBB1-27AB-40B4-8240-F968E7885752}.Debug|Any CPU.Build.0 = Debug|Any CPU
		{D1A3FBB1-27AB-40B4-8240-F968E7885752}.Debug|x64.ActiveCfg = Debug|Any CPU
		{D1A3FBB1-27AB-40B4-8240-F968E7885752}.Debug|x64.Build.0 = Debug|Any CPU
		{D1A3FBB1-27AB-40B4-8240-F968E7885752}.Debug|x86.ActiveCfg = Debug|Any CPU
		{D1A3FBB1-27AB-40B4-8240-F968E7885752}.Debug|x86.Build.0 = Debug|Any CPU
		{D1A3FBB1-27AB-40B4-8240-F968E7885752}.Release|Any CPU.ActiveCfg = Release|Any CPU
		{D1A3FBB1-27AB-40B4-8240-F968E7885752}.Release|Any CPU.Build.0 = Release|Any CPU
		{D1A3FBB1-27AB-40B4-8240-F968E7885752}.Release|x64.ActiveCfg = Release|Any CPU
		{D1A3FBB1-27AB-40B4-8240-F968E7885752}.Release|x64.Build.0 = Release|Any CPU
		{D1A3FBB1-27AB-40B4-8240-F968E7885752}.Release|x86.ActiveCfg = Release|Any CPU
		{D1A3FBB1-27AB-40B4-8240-F968E7885752}.Release|x86.Build.0 = Release|Any CPU
		{13656A4F-B987-4E96-80B3-9CECCCB33B1F}.Debug|Any CPU.ActiveCfg = Debug|Any CPU
		{13656A4F-B987-4E96-80B3-9CECCCB33B1F}.Debug|Any CPU.Build.0 = Debug|Any CPU
		{13656A4F-B987-4E96-80B3-9CECCCB33B1F}.Debug|x64.ActiveCfg = Debug|Any CPU
		{13656A4F-B987-4E96-80B3-9CECCCB33B1F}.Debug|x64.Build.0 = Debug|Any CPU
		{13656A4F-B987-4E96-80B3-9CECCCB33B1F}.Debug|x86.ActiveCfg = Debug|Any CPU
		{13656A4F-B987-4E96-80B3-9CECCCB33B1F}.Debug|x86.Build.0 = Debug|Any CPU
		{13656A4F-B987-4E96-80B3-9CECCCB33B1F}.Release|Any CPU.ActiveCfg = Release|Any CPU
		{13656A4F-B987-4E96-80B3-9CECCCB33B1F}.Release|Any CPU.Build.0 = Release|Any CPU
		{13656A4F-B987-4E96-80B3-9CECCCB33B1F}.Release|x64.ActiveCfg = Release|Any CPU
		{13656A4F-B987-4E96-80B3-9CECCCB33B1F}.Release|x64.Build.0 = Release|Any CPU
		{13656A4F-B987-4E96-80B3-9CECCCB33B1F}.Release|x86.ActiveCfg = Release|Any CPU
		{13656A4F-B987-4E96-80B3-9CECCCB33B1F}.Release|x86.Build.0 = Release|Any CPU
		{A52CDA6C-5D6C-4921-87C2-60BFB1C7E853}.Debug|Any CPU.ActiveCfg = Debug|Any CPU
		{A52CDA6C-5D6C-4921-87C2-60BFB1C7E853}.Debug|Any CPU.Build.0 = Debug|Any CPU
		{A52CDA6C-5D6C-4921-87C2-60BFB1C7E853}.Debug|x64.ActiveCfg = Debug|Any CPU
		{A52CDA6C-5D6C-4921-87C2-60BFB1C7E853}.Debug|x64.Build.0 = Debug|Any CPU
		{A52CDA6C-5D6C-4921-87C2-60BFB1C7E853}.Debug|x86.ActiveCfg = Debug|Any CPU
		{A52CDA6C-5D6C-4921-87C2-60BFB1C7E853}.Debug|x86.Build.0 = Debug|Any CPU
		{A52CDA6C-5D6C-4921-87C2-60BFB1C7E853}.Release|Any CPU.ActiveCfg = Release|Any CPU
		{A52CDA6C-5D6C-4921-87C2-60BFB1C7E853}.Release|Any CPU.Build.0 = Release|Any CPU
		{A52CDA6C-5D6C-4921-87C2-60BFB1C7E853}.Release|x64.ActiveCfg = Release|Any CPU
		{A52CDA6C-5D6C-4921-87C2-60BFB1C7E853}.Release|x64.Build.0 = Release|Any CPU
		{A52CDA6C-5D6C-4921-87C2-60BFB1C7E853}.Release|x86.ActiveCfg = Release|Any CPU
		{A52CDA6C-5D6C-4921-87C2-60BFB1C7E853}.Release|x86.Build.0 = Release|Any CPU
		{5691BBC9-F754-4EB7-9D59-4DCF692656FE}.Debug|Any CPU.ActiveCfg = Debug|Any CPU
		{5691BBC9-F754-4EB7-9D59-4DCF692656FE}.Debug|Any CPU.Build.0 = Debug|Any CPU
		{5691BBC9-F754-4EB7-9D59-4DCF692656FE}.Debug|x64.ActiveCfg = Debug|Any CPU
		{5691BBC9-F754-4EB7-9D59-4DCF692656FE}.Debug|x64.Build.0 = Debug|Any CPU
		{5691BBC9-F754-4EB7-9D59-4DCF692656FE}.Debug|x86.ActiveCfg = Debug|Any CPU
		{5691BBC9-F754-4EB7-9D59-4DCF692656FE}.Debug|x86.Build.0 = Debug|Any CPU
		{5691BBC9-F754-4EB7-9D59-4DCF692656FE}.Release|Any CPU.ActiveCfg = Release|Any CPU
		{5691BBC9-F754-4EB7-9D59-4DCF692656FE}.Release|Any CPU.Build.0 = Release|Any CPU
		{5691BBC9-F754-4EB7-9D59-4DCF692656FE}.Release|x64.ActiveCfg = Release|Any CPU
		{5691BBC9-F754-4EB7-9D59-4DCF692656FE}.Release|x64.Build.0 = Release|Any CPU
		{5691BBC9-F754-4EB7-9D59-4DCF692656FE}.Release|x86.ActiveCfg = Release|Any CPU
		{5691BBC9-F754-4EB7-9D59-4DCF692656FE}.Release|x86.Build.0 = Release|Any CPU
		{A54477BD-0C23-45BC-8D6A-2632B033308E}.Debug|Any CPU.ActiveCfg = Debug|Any CPU
		{A54477BD-0C23-45BC-8D6A-2632B033308E}.Debug|Any CPU.Build.0 = Debug|Any CPU
		{A54477BD-0C23-45BC-8D6A-2632B033308E}.Debug|x64.ActiveCfg = Debug|Any CPU
		{A54477BD-0C23-45BC-8D6A-2632B033308E}.Debug|x64.Build.0 = Debug|Any CPU
		{A54477BD-0C23-45BC-8D6A-2632B033308E}.Debug|x86.ActiveCfg = Debug|Any CPU
		{A54477BD-0C23-45BC-8D6A-2632B033308E}.Debug|x86.Build.0 = Debug|Any CPU
		{A54477BD-0C23-45BC-8D6A-2632B033308E}.Release|Any CPU.ActiveCfg = Release|Any CPU
		{A54477BD-0C23-45BC-8D6A-2632B033308E}.Release|Any CPU.Build.0 = Release|Any CPU
		{A54477BD-0C23-45BC-8D6A-2632B033308E}.Release|x64.ActiveCfg = Release|Any CPU
		{A54477BD-0C23-45BC-8D6A-2632B033308E}.Release|x64.Build.0 = Release|Any CPU
		{A54477BD-0C23-45BC-8D6A-2632B033308E}.Release|x86.ActiveCfg = Release|Any CPU
		{A54477BD-0C23-45BC-8D6A-2632B033308E}.Release|x86.Build.0 = Release|Any CPU
		{92A095C0-4615-41B1-85ED-C88BD6B52907}.Debug|Any CPU.ActiveCfg = Debug|Any CPU
		{92A095C0-4615-41B1-85ED-C88BD6B52907}.Debug|Any CPU.Build.0 = Debug|Any CPU
		{92A095C0-4615-41B1-85ED-C88BD6B52907}.Debug|x64.ActiveCfg = Debug|Any CPU
		{92A095C0-4615-41B1-85ED-C88BD6B52907}.Debug|x64.Build.0 = Debug|Any CPU
		{92A095C0-4615-41B1-85ED-C88BD6B52907}.Debug|x86.ActiveCfg = Debug|Any CPU
		{92A095C0-4615-41B1-85ED-C88BD6B52907}.Debug|x86.Build.0 = Debug|Any CPU
		{92A095C0-4615-41B1-85ED-C88BD6B52907}.Release|Any CPU.ActiveCfg = Release|Any CPU
		{92A095C0-4615-41B1-85ED-C88BD6B52907}.Release|Any CPU.Build.0 = Release|Any CPU
		{92A095C0-4615-41B1-85ED-C88BD6B52907}.Release|x64.ActiveCfg = Release|Any CPU
		{92A095C0-4615-41B1-85ED-C88BD6B52907}.Release|x64.Build.0 = Release|Any CPU
		{92A095C0-4615-41B1-85ED-C88BD6B52907}.Release|x86.ActiveCfg = Release|Any CPU
		{92A095C0-4615-41B1-85ED-C88BD6B52907}.Release|x86.Build.0 = Release|Any CPU
		{34F9043C-D6FF-489D-AC0D-F343EC0F28C7}.Debug|Any CPU.ActiveCfg = Debug|Any CPU
		{34F9043C-D6FF-489D-AC0D-F343EC0F28C7}.Debug|Any CPU.Build.0 = Debug|Any CPU
		{34F9043C-D6FF-489D-AC0D-F343EC0F28C7}.Debug|x64.ActiveCfg = Debug|Any CPU
		{34F9043C-D6FF-489D-AC0D-F343EC0F28C7}.Debug|x64.Build.0 = Debug|Any CPU
		{34F9043C-D6FF-489D-AC0D-F343EC0F28C7}.Debug|x86.ActiveCfg = Debug|Any CPU
		{34F9043C-D6FF-489D-AC0D-F343EC0F28C7}.Debug|x86.Build.0 = Debug|Any CPU
		{34F9043C-D6FF-489D-AC0D-F343EC0F28C7}.Release|Any CPU.ActiveCfg = Release|Any CPU
		{34F9043C-D6FF-489D-AC0D-F343EC0F28C7}.Release|Any CPU.Build.0 = Release|Any CPU
		{34F9043C-D6FF-489D-AC0D-F343EC0F28C7}.Release|x64.ActiveCfg = Release|Any CPU
		{34F9043C-D6FF-489D-AC0D-F343EC0F28C7}.Release|x64.Build.0 = Release|Any CPU
		{34F9043C-D6FF-489D-AC0D-F343EC0F28C7}.Release|x86.ActiveCfg = Release|Any CPU
		{34F9043C-D6FF-489D-AC0D-F343EC0F28C7}.Release|x86.Build.0 = Release|Any CPU
		{94E6CDEE-B394-4325-B871-2E47D4F8357E}.Debug|Any CPU.ActiveCfg = Debug|Any CPU
		{94E6CDEE-B394-4325-B871-2E47D4F8357E}.Debug|Any CPU.Build.0 = Debug|Any CPU
		{94E6CDEE-B394-4325-B871-2E47D4F8357E}.Debug|x64.ActiveCfg = Debug|Any CPU
		{94E6CDEE-B394-4325-B871-2E47D4F8357E}.Debug|x64.Build.0 = Debug|Any CPU
		{94E6CDEE-B394-4325-B871-2E47D4F8357E}.Debug|x86.ActiveCfg = Debug|Any CPU
		{94E6CDEE-B394-4325-B871-2E47D4F8357E}.Debug|x86.Build.0 = Debug|Any CPU
		{94E6CDEE-B394-4325-B871-2E47D4F8357E}.Release|Any CPU.ActiveCfg = Release|Any CPU
		{94E6CDEE-B394-4325-B871-2E47D4F8357E}.Release|Any CPU.Build.0 = Release|Any CPU
		{94E6CDEE-B394-4325-B871-2E47D4F8357E}.Release|x64.ActiveCfg = Release|Any CPU
		{94E6CDEE-B394-4325-B871-2E47D4F8357E}.Release|x64.Build.0 = Release|Any CPU
		{94E6CDEE-B394-4325-B871-2E47D4F8357E}.Release|x86.ActiveCfg = Release|Any CPU
		{94E6CDEE-B394-4325-B871-2E47D4F8357E}.Release|x86.Build.0 = Release|Any CPU
	EndGlobalSection
	GlobalSection(SolutionProperties) = preSolution
		HideSolutionNode = FALSE
	EndGlobalSection
	GlobalSection(NestedProjects) = preSolution
		{88520FAE-4257-4FD7-A4E1-5E42F962112D} = {827E0CD3-B72D-47B6-A68D-7590B98EB39B}
		{5FAE07E6-AD80-4906-B016-1F5A0EB96CAE} = {827E0CD3-B72D-47B6-A68D-7590B98EB39B}
		{8157A35D-6453-4E80-BFA3-3D42F7403EE5} = {827E0CD3-B72D-47B6-A68D-7590B98EB39B}
		{64D44FEC-8F98-4789-A93F-A1568F01FC8E} = {827E0CD3-B72D-47B6-A68D-7590B98EB39B}
		{512D8C75-398A-4B3C-8A36-AB33FAD7FA34} = {827E0CD3-B72D-47B6-A68D-7590B98EB39B}
		{ECEB7505-CFB7-4860-9E09-727BA83BB82B} = {827E0CD3-B72D-47B6-A68D-7590B98EB39B}
		{01F55674-A090-4388-8EC2-D7058466A7C0} = {827E0CD3-B72D-47B6-A68D-7590B98EB39B}
		{75FA6136-4522-4160-BA49-D8B35C116274} = {827E0CD3-B72D-47B6-A68D-7590B98EB39B}
		{3E9E8FE1-932B-4938-90CD-C1FC8F8C35A5} = {827E0CD3-B72D-47B6-A68D-7590B98EB39B}
		{E16EFC84-4315-4CA8-BBCB-7AC5F00C3AF1} = {827E0CD3-B72D-47B6-A68D-7590B98EB39B}
		{FFFEE549-8117-49BA-A3EB-CA804F26FBD6} = {0AB3BF05-4346-4AA6-1389-037BE0695223}
		{76887E1A-00C8-4093-82A5-D7A85DDD3DE9} = {0AB3BF05-4346-4AA6-1389-037BE0695223}
		{94B27988-488E-4D5E-9883-DB831F360CAF} = {0AB3BF05-4346-4AA6-1389-037BE0695223}
		{D1A3FBB1-27AB-40B4-8240-F968E7885752} = {0AB3BF05-4346-4AA6-1389-037BE0695223}
		{13656A4F-B987-4E96-80B3-9CECCCB33B1F} = {0AB3BF05-4346-4AA6-1389-037BE0695223}
		{A52CDA6C-5D6C-4921-87C2-60BFB1C7E853} = {0AB3BF05-4346-4AA6-1389-037BE0695223}
		{5691BBC9-F754-4EB7-9D59-4DCF692656FE} = {0AB3BF05-4346-4AA6-1389-037BE0695223}
		{A54477BD-0C23-45BC-8D6A-2632B033308E} = {0AB3BF05-4346-4AA6-1389-037BE0695223}
		{92A095C0-4615-41B1-85ED-C88BD6B52907} = {0AB3BF05-4346-4AA6-1389-037BE0695223}
		{34F9043C-D6FF-489D-AC0D-F343EC0F28C7} = {0AB3BF05-4346-4AA6-1389-037BE0695223}
		{94E6CDEE-B394-4325-B871-2E47D4F8357E} = {827E0CD3-B72D-47B6-A68D-7590B98EB39B}
	EndGlobalSection
EndGlobal
